<?xml version="1.0" encoding="utf-8"?>
<Project ToolsVersion="14.0" xmlns="http://schemas.microsoft.com/developer/msbuild/2003">
  <ItemGroup>
    <Filter Include="Resources">
      <UniqueIdentifier>1c848234-4eb4-4eb2-a878-9f3a9bc89d13</UniqueIdentifier>
      <Extensions>rc;ico;cur;bmp;dlg;rc2;rct;bin;rgs;gif;jpg;jpeg;jpe;resx;tga;tiff;tif;png;wav;mfcribbon-ms</Extensions>
    </Filter>
  </ItemGroup>
  <ItemGroup>
    <ClCompile Include="pch.cpp" />
    <ClCompile Include="Mesh.cpp" />
    <ClCompile Include="Model.cpp" />
    <ClCompile Include="ModelMaterial.cpp" />
    <ClCompile Include="BufferContainer.cpp" />
    <ClCompile Include="DeviceResources.cpp" />
    <ClCompile Include="CameraResources.cpp" />
    <ClCompile Include="MatrixHelper.cpp" />
  </ItemGroup>
  <ItemGroup>
    <ClInclude Include="pch.h" />
    <ClInclude Include="Mesh.h" />
    <ClInclude Include="Model.h" />
    <ClInclude Include="ModelMaterial.h" />
    <ClInclude Include="BufferContainer.h" />
    <ClInclude Include="DeviceResources.h" />
    <ClInclude Include="DirectXHelper.h" />
    <ClInclude Include="CameraResources.h" />
    <ClInclude Include="StepTimer.h" />
    <ClInclude Include="MatrixHelper.h" />
  </ItemGroup>
</Project>